
Microsoft Visual Studio Solution File, Format Version 12.00
# Visual Studio Version 17
VisualStudioVersion = 17.8.34330.188
MinimumVisualStudioVersion = 10.0.40219.1
Project("{FAE04EC0-301F-11D3-BF4B-00C04F79EFBC}") = "Tonk 2.0", "Tonk 2.0\Tonk 2.0.csproj", "{F0517B58-F8F4-4865-ABEE-565E0FEEDB20}"
EndProject
Global
	GlobalSection(SolutionConfigurationPlatforms) = preSolution
		Debug|Any CPU = Debug|Any CPU
		Release|Any CPU = Release|Any CPU
	EndGlobalSection
	GlobalSection(ProjectConfigurationPlatforms) = postSolution
		{F0517B58-F8F4-4865-ABEE-565E0FEEDB20}.Debug|Any CPU.ActiveCfg = Debug|Any CPU
		{F0517B58-F8F4-4865-ABEE-565E0FEEDB20}.Debug|Any CPU.Build.0 = Debug|Any CPU
		{F0517B58-F8F4-4865-ABEE-565E0FEEDB20}.Release|Any CPU.ActiveCfg = Release|Any CPU
		{F0517B58-F8F4-4865-ABEE-565E0FEEDB20}.Release|Any CPU.Build.0 = Release|Any CPU
	EndGlobalSection
	GlobalSection(SolutionProperties) = preSolution
		HideSolutionNode = FALSE
	EndGlobalSection
	GlobalSection(ExtensibilityGlobals) = postSolution
		SolutionGuid = {9ABD449E-A7D7-4F1F-B758-44DD882207E3}
	EndGlobalSection
EndGlobal
